// !$*UTF8*$!
{
	archiveVersion = 1;
	classes = {
	};
	objectVersion = 53;
	objects = {

/* Begin PBXBuildFile section */
		35D191E38E085C6099C67393 /* Pods_Snake.framework in Frameworks */ = {isa = PBXBuildFile; fileRef = 29E94EB61A1A090CF811AE76 /* Pods_Snake.framework */; };
		B00538CA2575627B00D328F1 /* AppDelegate.swift in Sources */ = {isa = PBXBuildFile; fileRef = B00538C92575627B00D328F1 /* AppDelegate.swift */; };
		B00538D02575627B00D328F1 /* GameScene.swift in Sources */ = {isa = PBXBuildFile; fileRef = B00538CF2575627B00D328F1 /* GameScene.swift */; };
		B00538D22575627B00D328F1 /* GameViewController.swift in Sources */ = {isa = PBXBuildFile; fileRef = B00538D12575627B00D328F1 /* GameViewController.swift */; };
		B00538D52575627B00D328F1 /* Game.storyboard in Resources */ = {isa = PBXBuildFile; fileRef = B00538D32575627B00D328F1 /* Game.storyboard */; };
		B00538F3257579ED00D328F1 /* Assets.xcassets in Resources */ = {isa = PBXBuildFile; fileRef = B00538F2257579ED00D328F1 /* Assets.xcassets */; };
		B00538FC25757B4600D328F1 /* GameScene.sks in Resources */ = {isa = PBXBuildFile; fileRef = B00538FB25757B4600D328F1 /* GameScene.sks */; };
		B005D1C92645A25600DB4A58 /* kroftsmann5.ttf in Resources */ = {isa = PBXBuildFile; fileRef = B005D1C82645A25600DB4A58 /* kroftsmann5.ttf */; };
		B005D1CB2645A47600DB4A58 /* MenuButton.swift in Sources */ = {isa = PBXBuildFile; fileRef = B005D1CA2645A47600DB4A58 /* MenuButton.swift */; };
		B006A68F257B7F7A00DEBDB6 /* PauseButton.swift in Sources */ = {isa = PBXBuildFile; fileRef = B006A68E257B7F7A00DEBDB6 /* PauseButton.swift */; };
		B02C63A5264944A500EC17C0 /* PauseMenu.storyboard in Resources */ = {isa = PBXBuildFile; fileRef = B02C63A4264944A500EC17C0 /* PauseMenu.storyboard */; };
		B02C63A72649465F00EC17C0 /* PauseMenuViewController.swift in Sources */ = {isa = PBXBuildFile; fileRef = B02C63A62649465F00EC17C0 /* PauseMenuViewController.swift */; };
		B03837242657BAD60006CDD5 /* GameCenterHelper.swift in Sources */ = {isa = PBXBuildFile; fileRef = B03837232657BAD60006CDD5 /* GameCenterHelper.swift */; };
		B0383726265909260006CDD5 /* LocalStorage.swift in Sources */ = {isa = PBXBuildFile; fileRef = B0383725265909260006CDD5 /* LocalStorage.swift */; };
		B04AECDD25D7B9D9007ECCA3 /* SView.swift in Sources */ = {isa = PBXBuildFile; fileRef = B04AECDC25D7B9D9007ECCA3 /* SView.swift */; };
		B04AECE025D7BA4C007ECCA3 /* GameModeButton.xib in Resources */ = {isa = PBXBuildFile; fileRef = B04AECDF25D7BA4C007ECCA3 /* GameModeButton.xib */; };
		B04AECE325D7BCE0007ECCA3 /* GameModeButton.swift in Sources */ = {isa = PBXBuildFile; fileRef = B04AECE225D7BCE0007ECCA3 /* GameModeButton.swift */; };
		B04AECE725D7BF53007ECCA3 /* GameModeStackView.swift in Sources */ = {isa = PBXBuildFile; fileRef = B04AECE625D7BF53007ECCA3 /* GameModeStackView.swift */; };
		B04AECF725D7CC8C007ECCA3 /* Options.swift in Sources */ = {isa = PBXBuildFile; fileRef = B04AECF625D7CC8C007ECCA3 /* Options.swift */; };
		B04AECFA25D7CCC8007ECCA3 /* GameMode.swift in Sources */ = {isa = PBXBuildFile; fileRef = B04AECF925D7CCC8007ECCA3 /* GameMode.swift */; };
		B04AED0125D7D69D007ECCA3 /* Design.swift in Sources */ = {isa = PBXBuildFile; fileRef = B04AED0025D7D69D007ECCA3 /* Design.swift */; };
		B04AED0525D7D776007ECCA3 /* SLabel.swift in Sources */ = {isa = PBXBuildFile; fileRef = B04AED0425D7D776007ECCA3 /* SLabel.swift */; };
		B057841926566AA8003E933B /* SoundButton.swift in Sources */ = {isa = PBXBuildFile; fileRef = B057841826566AA8003E933B /* SoundButton.swift */; };
		B057841B26566D9D003E933B /* ButtonNode.Name.swift in Sources */ = {isa = PBXBuildFile; fileRef = B057841A26566D9D003E933B /* ButtonNode.Name.swift */; };
		B05BAE74257F7BEA00DFAEDF /* SuperFood.swift in Sources */ = {isa = PBXBuildFile; fileRef = B05BAE73257F7BEA00DFAEDF /* SuperFood.swift */; };
		B067F6E92654F03500564DE9 /* SoundHelper.swift in Sources */ = {isa = PBXBuildFile; fileRef = B067F6E82654F03500564DE9 /* SoundHelper.swift */; };
		B067F6EB2654F21400564DE9 /* SoundHelper.Sound.swift in Sources */ = {isa = PBXBuildFile; fileRef = B067F6EA2654F21400564DE9 /* SoundHelper.Sound.swift */; };
		B067F6EF2654F2F700564DE9 /* superfood.wav in Resources */ = {isa = PBXBuildFile; fileRef = B067F6ED2654F2F700564DE9 /* superfood.wav */; };
		B067F6F02654F2F700564DE9 /* food.wav in Resources */ = {isa = PBXBuildFile; fileRef = B067F6EE2654F2F700564DE9 /* food.wav */; };
		B06E1746257A539C00C0EB5E /* LabelNode.swift in Sources */ = {isa = PBXBuildFile; fileRef = B06E1745257A539C00C0EB5E /* LabelNode.swift */; };
		B06E1756257A707000C0EB5E /* ButtonNode.swift in Sources */ = {isa = PBXBuildFile; fileRef = B06E1755257A707000C0EB5E /* ButtonNode.swift */; };
		B07F8336264EA3480023F5F0 /* GameKit.framework in Frameworks */ = {isa = PBXBuildFile; fileRef = B07F8335264EA3480023F5F0 /* GameKit.framework */; };
		B095D25225764B3900135F2C /* LaunchScreen.storyboard in Resources */ = {isa = PBXBuildFile; fileRef = B095D25125764B3900135F2C /* LaunchScreen.storyboard */; };
		B0A6106425D252A50056D78A /* Menu.storyboard in Resources */ = {isa = PBXBuildFile; fileRef = B0A6106325D252A50056D78A /* Menu.storyboard */; };
		B0A6106725D256AE0056D78A /* MenuViewController.swift in Sources */ = {isa = PBXBuildFile; fileRef = B0A6106625D256AE0056D78A /* MenuViewController.swift */; };
		B0A6106C25D25A4B0056D78A /* SpriteModel.swift in Sources */ = {isa = PBXBuildFile; fileRef = B0A6106B25D25A4B0056D78A /* SpriteModel.swift */; };
		B0AAFFE42576A3BA003220D8 /* WallFrame.swift in Sources */ = {isa = PBXBuildFile; fileRef = B0AAFFE32576A3BA003220D8 /* WallFrame.swift */; };
		B0AAFFE72576A4A6003220D8 /* Snake.swift in Sources */ = {isa = PBXBuildFile; fileRef = B0AAFFE62576A4A6003220D8 /* Snake.swift */; };
		B0AAFFEC2576AA21003220D8 /* Food.swift in Sources */ = {isa = PBXBuildFile; fileRef = B0AAFFEB2576AA21003220D8 /* Food.swift */; };
		B0AAFFF02576ABB4003220D8 /* SKScene.swift in Sources */ = {isa = PBXBuildFile; fileRef = B0AAFFEF2576ABB4003220D8 /* SKScene.swift */; };
		B0AAFFF42576B9B4003220D8 /* MapNode.swift in Sources */ = {isa = PBXBuildFile; fileRef = B0AAFFF32576B9B4003220D8 /* MapNode.swift */; };
		B0AAFFF72576BD96003220D8 /* SpriteNode.swift in Sources */ = {isa = PBXBuildFile; fileRef = B0AAFFF62576BD96003220D8 /* SpriteNode.swift */; };
		B0B5AF30258A736B00399C71 /* GameProcess.swift in Sources */ = {isa = PBXBuildFile; fileRef = B0B5AF2F258A736B00399C71 /* GameProcess.swift */; };
		B0B5AF33258A8AA900399C71 /* ProgressNode.swift in Sources */ = {isa = PBXBuildFile; fileRef = B0B5AF32258A8AA900399C71 /* ProgressNode.swift */; };
		B0DF37DB25769EF900A3E453 /* Constants.swift in Sources */ = {isa = PBXBuildFile; fileRef = B0DF37DA25769EF900A3E453 /* Constants.swift */; };
		B0DF37DF25769FB300A3E453 /* GameNode.swift in Sources */ = {isa = PBXBuildFile; fileRef = B0DF37DE25769FB300A3E453 /* GameNode.swift */; };
		B0DF37E42576A15800A3E453 /* Box.swift in Sources */ = {isa = PBXBuildFile; fileRef = B0DF37E32576A15800A3E453 /* Box.swift */; };
		B0EE18BB265C0CB6009B6C88 /* SAlert.swift in Sources */ = {isa = PBXBuildFile; fileRef = B0EE18BA265C0CB6009B6C88 /* SAlert.swift */; };
		B0EE18C0265C0E1C009B6C88 /* UIView.swift in Sources */ = {isa = PBXBuildFile; fileRef = B0EE18BF265C0E1C009B6C88 /* UIView.swift */; };
		B0EE18C2265C0E40009B6C88 /* SAlert.xib in Resources */ = {isa = PBXBuildFile; fileRef = B0EE18C1265C0E40009B6C88 /* SAlert.xib */; };
		B0FA1B672577C89800310920 /* GameEngine.swift in Sources */ = {isa = PBXBuildFile; fileRef = B0FA1B662577C89800310920 /* GameEngine.swift */; };
		B0FA1B6C2577CEAC00310920 /* Snake.MovingDirection.swift in Sources */ = {isa = PBXBuildFile; fileRef = B0FA1B6B2577CEAC00310920 /* Snake.MovingDirection.swift */; };
/* End PBXBuildFile section */

/* Begin PBXFileReference section */
		0BC55E1B6F9D8E9ED5530C36 /* Pods-Snake.debug.xcconfig */ = {isa = PBXFileReference; includeInIndex = 1; lastKnownFileType = text.xcconfig; name = "Pods-Snake.debug.xcconfig"; path = "Target Support Files/Pods-Snake/Pods-Snake.debug.xcconfig"; sourceTree = "<group>"; };
		1B8CC4D5C0760ABB728CC4DA /* Pods-Snake.release.xcconfig */ = {isa = PBXFileReference; includeInIndex = 1; lastKnownFileType = text.xcconfig; name = "Pods-Snake.release.xcconfig"; path = "Target Support Files/Pods-Snake/Pods-Snake.release.xcconfig"; sourceTree = "<group>"; };
		29E94EB61A1A090CF811AE76 /* Pods_Snake.framework */ = {isa = PBXFileReference; explicitFileType = wrapper.framework; includeInIndex = 0; path = Pods_Snake.framework; sourceTree = BUILT_PRODUCTS_DIR; };
		B00538C62575627B00D328F1 /* Snake.app */ = {isa = PBXFileReference; explicitFileType = wrapper.application; includeInIndex = 0; path = Snake.app; sourceTree = BUILT_PRODUCTS_DIR; };
		B00538C92575627B00D328F1 /* AppDelegate.swift */ = {isa = PBXFileReference; lastKnownFileType = sourcecode.swift; path = AppDelegate.swift; sourceTree = "<group>"; };
		B00538CF2575627B00D328F1 /* GameScene.swift */ = {isa = PBXFileReference; lastKnownFileType = sourcecode.swift; path = GameScene.swift; sourceTree = "<group>"; };
		B00538D12575627B00D328F1 /* GameViewController.swift */ = {isa = PBXFileReference; lastKnownFileType = sourcecode.swift; path = GameViewController.swift; sourceTree = "<group>"; };
		B00538D42575627B00D328F1 /* Base */ = {isa = PBXFileReference; lastKnownFileType = file.storyboard; name = Base; path = Base.lproj/Game.storyboard; sourceTree = "<group>"; };
		B00538D82575627C00D328F1 /* Info.plist */ = {isa = PBXFileReference; lastKnownFileType = text.plist.xml; path = Info.plist; sourceTree = "<group>"; };
		B00538EE2575798300D328F1 /* Snake.entitlements */ = {isa = PBXFileReference; lastKnownFileType = text.plist.entitlements; path = Snake.entitlements; sourceTree = "<group>"; };
		B00538F2257579ED00D328F1 /* Assets.xcassets */ = {isa = PBXFileReference; lastKnownFileType = folder.assetcatalog; path = Assets.xcassets; sourceTree = "<group>"; };
		B00538FB25757B4600D328F1 /* GameScene.sks */ = {isa = PBXFileReference; lastKnownFileType = file.sks; path = GameScene.sks; sourceTree = "<group>"; };
		B005D1C82645A25600DB4A58 /* kroftsmann5.ttf */ = {isa = PBXFileReference; lastKnownFileType = file; path = kroftsmann5.ttf; sourceTree = "<group>"; };
		B005D1CA2645A47600DB4A58 /* MenuButton.swift */ = {isa = PBXFileReference; lastKnownFileType = sourcecode.swift; path = MenuButton.swift; sourceTree = "<group>"; };
		B006A68E257B7F7A00DEBDB6 /* PauseButton.swift */ = {isa = PBXFileReference; lastKnownFileType = sourcecode.swift; path = PauseButton.swift; sourceTree = "<group>"; };
		B02C63A4264944A500EC17C0 /* PauseMenu.storyboard */ = {isa = PBXFileReference; lastKnownFileType = file.storyboard; path = PauseMenu.storyboard; sourceTree = "<group>"; };
		B02C63A62649465F00EC17C0 /* PauseMenuViewController.swift */ = {isa = PBXFileReference; lastKnownFileType = sourcecode.swift; path = PauseMenuViewController.swift; sourceTree = "<group>"; };
		B03837232657BAD60006CDD5 /* GameCenterHelper.swift */ = {isa = PBXFileReference; lastKnownFileType = sourcecode.swift; path = GameCenterHelper.swift; sourceTree = "<group>"; };
		B0383725265909260006CDD5 /* LocalStorage.swift */ = {isa = PBXFileReference; lastKnownFileType = sourcecode.swift; path = LocalStorage.swift; sourceTree = "<group>"; };
		B04AECDC25D7B9D9007ECCA3 /* SView.swift */ = {isa = PBXFileReference; lastKnownFileType = sourcecode.swift; path = SView.swift; sourceTree = "<group>"; };
		B04AECDF25D7BA4C007ECCA3 /* GameModeButton.xib */ = {isa = PBXFileReference; lastKnownFileType = file.xib; path = GameModeButton.xib; sourceTree = "<group>"; };
		B04AECE225D7BCE0007ECCA3 /* GameModeButton.swift */ = {isa = PBXFileReference; lastKnownFileType = sourcecode.swift; path = GameModeButton.swift; sourceTree = "<group>"; };
		B04AECE625D7BF53007ECCA3 /* GameModeStackView.swift */ = {isa = PBXFileReference; lastKnownFileType = sourcecode.swift; path = GameModeStackView.swift; sourceTree = "<group>"; };
		B04AECF625D7CC8C007ECCA3 /* Options.swift */ = {isa = PBXFileReference; lastKnownFileType = sourcecode.swift; path = Options.swift; sourceTree = "<group>"; };
		B04AECF925D7CCC8007ECCA3 /* GameMode.swift */ = {isa = PBXFileReference; lastKnownFileType = sourcecode.swift; path = GameMode.swift; sourceTree = "<group>"; };
		B04AED0025D7D69D007ECCA3 /* Design.swift */ = {isa = PBXFileReference; lastKnownFileType = sourcecode.swift; path = Design.swift; sourceTree = "<group>"; };
		B04AED0425D7D776007ECCA3 /* SLabel.swift */ = {isa = PBXFileReference; lastKnownFileType = sourcecode.swift; path = SLabel.swift; sourceTree = "<group>"; };
		B057841826566AA8003E933B /* SoundButton.swift */ = {isa = PBXFileReference; lastKnownFileType = sourcecode.swift; path = SoundButton.swift; sourceTree = "<group>"; };
		B057841A26566D9D003E933B /* ButtonNode.Name.swift */ = {isa = PBXFileReference; lastKnownFileType = sourcecode.swift; path = ButtonNode.Name.swift; sourceTree = "<group>"; };
		B05BAE73257F7BEA00DFAEDF /* SuperFood.swift */ = {isa = PBXFileReference; lastKnownFileType = sourcecode.swift; path = SuperFood.swift; sourceTree = "<group>"; };
		B067F6E82654F03500564DE9 /* SoundHelper.swift */ = {isa = PBXFileReference; lastKnownFileType = sourcecode.swift; path = SoundHelper.swift; sourceTree = "<group>"; };
		B067F6EA2654F21400564DE9 /* SoundHelper.Sound.swift */ = {isa = PBXFileReference; lastKnownFileType = sourcecode.swift; path = SoundHelper.Sound.swift; sourceTree = "<group>"; };
		B067F6ED2654F2F700564DE9 /* superfood.wav */ = {isa = PBXFileReference; lastKnownFileType = audio.wav; path = superfood.wav; sourceTree = "<group>"; };
		B067F6EE2654F2F700564DE9 /* food.wav */ = {isa = PBXFileReference; lastKnownFileType = audio.wav; path = food.wav; sourceTree = "<group>"; };
		B06E1745257A539C00C0EB5E /* LabelNode.swift */ = {isa = PBXFileReference; lastKnownFileType = sourcecode.swift; path = LabelNode.swift; sourceTree = "<group>"; };
		B06E1755257A707000C0EB5E /* ButtonNode.swift */ = {isa = PBXFileReference; lastKnownFileType = sourcecode.swift; path = ButtonNode.swift; sourceTree = "<group>"; };
		B07F8335264EA3480023F5F0 /* GameKit.framework */ = {isa = PBXFileReference; lastKnownFileType = wrapper.framework; name = GameKit.framework; path = System/Library/Frameworks/GameKit.framework; sourceTree = SDKROOT; };
		B095D25125764B3900135F2C /* LaunchScreen.storyboard */ = {isa = PBXFileReference; lastKnownFileType = file.storyboard; path = LaunchScreen.storyboard; sourceTree = "<group>"; };
		B0A6106325D252A50056D78A /* Menu.storyboard */ = {isa = PBXFileReference; lastKnownFileType = file.storyboard; path = Menu.storyboard; sourceTree = "<group>"; };
		B0A6106625D256AE0056D78A /* MenuViewController.swift */ = {isa = PBXFileReference; lastKnownFileType = sourcecode.swift; path = MenuViewController.swift; sourceTree = "<group>"; };
		B0A6106B25D25A4B0056D78A /* SpriteModel.swift */ = {isa = PBXFileReference; lastKnownFileType = sourcecode.swift; path = SpriteModel.swift; sourceTree = "<group>"; };
		B0AAFFE32576A3BA003220D8 /* WallFrame.swift */ = {isa = PBXFileReference; lastKnownFileType = sourcecode.swift; path = WallFrame.swift; sourceTree = "<group>"; };
		B0AAFFE62576A4A6003220D8 /* Snake.swift */ = {isa = PBXFileReference; lastKnownFileType = sourcecode.swift; path = Snake.swift; sourceTree = "<group>"; };
		B0AAFFEB2576AA21003220D8 /* Food.swift */ = {isa = PBXFileReference; lastKnownFileType = sourcecode.swift; path = Food.swift; sourceTree = "<group>"; };
		B0AAFFEF2576ABB4003220D8 /* SKScene.swift */ = {isa = PBXFileReference; lastKnownFileType = sourcecode.swift; path = SKScene.swift; sourceTree = "<group>"; };
		B0AAFFF32576B9B4003220D8 /* MapNode.swift */ = {isa = PBXFileReference; lastKnownFileType = sourcecode.swift; path = MapNode.swift; sourceTree = "<group>"; };
		B0AAFFF62576BD96003220D8 /* SpriteNode.swift */ = {isa = PBXFileReference; lastKnownFileType = sourcecode.swift; path = SpriteNode.swift; sourceTree = "<group>"; };
		B0B5AF2F258A736B00399C71 /* GameProcess.swift */ = {isa = PBXFileReference; lastKnownFileType = sourcecode.swift; path = GameProcess.swift; sourceTree = "<group>"; };
		B0B5AF32258A8AA900399C71 /* ProgressNode.swift */ = {isa = PBXFileReference; lastKnownFileType = sourcecode.swift; path = ProgressNode.swift; sourceTree = "<group>"; };
		B0DF37DA25769EF900A3E453 /* Constants.swift */ = {isa = PBXFileReference; lastKnownFileType = sourcecode.swift; path = Constants.swift; sourceTree = "<group>"; };
		B0DF37DE25769FB300A3E453 /* GameNode.swift */ = {isa = PBXFileReference; lastKnownFileType = sourcecode.swift; path = GameNode.swift; sourceTree = "<group>"; };
		B0DF37E32576A15800A3E453 /* Box.swift */ = {isa = PBXFileReference; lastKnownFileType = sourcecode.swift; path = Box.swift; sourceTree = "<group>"; };
		B0EE18BA265C0CB6009B6C88 /* SAlert.swift */ = {isa = PBXFileReference; lastKnownFileType = sourcecode.swift; path = SAlert.swift; sourceTree = "<group>"; };
		B0EE18BF265C0E1C009B6C88 /* UIView.swift */ = {isa = PBXFileReference; lastKnownFileType = sourcecode.swift; path = UIView.swift; sourceTree = "<group>"; };
		B0EE18C1265C0E40009B6C88 /* SAlert.xib */ = {isa = PBXFileReference; lastKnownFileType = file.xib; path = SAlert.xib; sourceTree = "<group>"; };
		B0FA1B662577C89800310920 /* GameEngine.swift */ = {isa = PBXFileReference; lastKnownFileType = sourcecode.swift; path = GameEngine.swift; sourceTree = "<group>"; };
		B0FA1B6B2577CEAC00310920 /* Snake.MovingDirection.swift */ = {isa = PBXFileReference; lastKnownFileType = sourcecode.swift; path = Snake.MovingDirection.swift; sourceTree = "<group>"; };
/* End PBXFileReference section */

/* Begin PBXFrameworksBuildPhase section */
		B00538C32575627B00D328F1 /* Frameworks */ = {
			isa = PBXFrameworksBuildPhase;
			buildActionMask = 2147483647;
			files = (
				B07F8336264EA3480023F5F0 /* GameKit.framework in Frameworks */,
				35D191E38E085C6099C67393 /* Pods_Snake.framework in Frameworks */,
			);
			runOnlyForDeploymentPostprocessing = 0;
		};
/* End PBXFrameworksBuildPhase section */

/* Begin PBXGroup section */
		B00538BD2575627B00D328F1 = {
			isa = PBXGroup;
			children = (
				B00538C82575627B00D328F1 /* Snake */,
				B00538C72575627B00D328F1 /* Products */,
				B07F8334264EA3480023F5F0 /* Frameworks */,
				E3D13A343DCE725AD2CF4AB3 /* Pods */,
			);
			sourceTree = "<group>";
		};
		B00538C72575627B00D328F1 /* Products */ = {
			isa = PBXGroup;
			children = (
				B00538C62575627B00D328F1 /* Snake.app */,
			);
			name = Products;
			sourceTree = "<group>";
		};
		B00538C82575627B00D328F1 /* Snake */ = {
			isa = PBXGroup;
			children = (
				B04AECDB25D7B9CC007ECCA3 /* Views */,
				B0DF37D925769EED00A3E453 /* Helper */,
				B095D2552576576600135F2C /* Controllers */,
				B00538FA25757B2700D328F1 /* Scenes */,
				B00538EE2575798300D328F1 /* Snake.entitlements */,
				B00538DF2575629F00D328F1 /* Application */,
			);
			path = Snake;
			sourceTree = "<group>";
		};
		B00538DF2575629F00D328F1 /* Application */ = {
			isa = PBXGroup;
			children = (
				B067F6EC2654F2B000564DE9 /* Sounds */,
				B005D1C72645A1CC00DB4A58 /* Fonts */,
				B00538F2257579ED00D328F1 /* Assets.xcassets */,
				B00538D82575627C00D328F1 /* Info.plist */,
				B00538C92575627B00D328F1 /* AppDelegate.swift */,
				B095D25125764B3900135F2C /* LaunchScreen.storyboard */,
			);
			path = Application;
			sourceTree = "<group>";
		};
		B00538FA25757B2700D328F1 /* Scenes */ = {
			isa = PBXGroup;
			children = (
				B00538CF2575627B00D328F1 /* GameScene.swift */,
				B00538FB25757B4600D328F1 /* GameScene.sks */,
			);
			path = Scenes;
			sourceTree = "<group>";
		};
		B005D1C72645A1CC00DB4A58 /* Fonts */ = {
			isa = PBXGroup;
			children = (
				B005D1C82645A25600DB4A58 /* kroftsmann5.ttf */,
			);
			path = Fonts;
			sourceTree = "<group>";
		};
		B006A68D257B7F6B00DEBDB6 /* Buttons */ = {
			isa = PBXGroup;
			children = (
				B06E1755257A707000C0EB5E /* ButtonNode.swift */,
				B057841A26566D9D003E933B /* ButtonNode.Name.swift */,
				B006A68E257B7F7A00DEBDB6 /* PauseButton.swift */,
				B057841826566AA8003E933B /* SoundButton.swift */,
			);
			path = Buttons;
			sourceTree = "<group>";
		};
		B0295E9D2577861B0022480F /* Main */ = {
			isa = PBXGroup;
			children = (
				B0AAFFF32576B9B4003220D8 /* MapNode.swift */,
				B0DF37DE25769FB300A3E453 /* GameNode.swift */,
				B0AAFFF62576BD96003220D8 /* SpriteNode.swift */,
				B06E1745257A539C00C0EB5E /* LabelNode.swift */,
				B0B5AF32258A8AA900399C71 /* ProgressNode.swift */,
			);
			path = Main;
			sourceTree = "<group>";
		};
		B04AECDB25D7B9CC007ECCA3 /* Views */ = {
			isa = PBXGroup;
			children = (
				B0EE18BE265C0CCD009B6C88 /* Buttons */,
				B04AED0325D7D767007ECCA3 /* Global */,
				B0EE18BA265C0CB6009B6C88 /* SAlert.swift */,
				B0EE18C1265C0E40009B6C88 /* SAlert.xib */,
			);
			path = Views;
			sourceTree = "<group>";
		};
		B04AECFF25D7D690007ECCA3 /* Design */ = {
			isa = PBXGroup;
			children = (
				B04AED0025D7D69D007ECCA3 /* Design.swift */,
			);
			path = Design;
			sourceTree = "<group>";
		};
		B04AED0325D7D767007ECCA3 /* Global */ = {
			isa = PBXGroup;
			children = (
				B04AECDC25D7B9D9007ECCA3 /* SView.swift */,
				B04AED0425D7D776007ECCA3 /* SLabel.swift */,
			);
			path = Global;
			sourceTree = "<group>";
		};
		B05BAE72257F7BDD00DFAEDF /* Food */ = {
			isa = PBXGroup;
			children = (
				B0AAFFEB2576AA21003220D8 /* Food.swift */,
				B05BAE73257F7BEA00DFAEDF /* SuperFood.swift */,
			);
			path = Food;
			sourceTree = "<group>";
		};
		B067F6EC2654F2B000564DE9 /* Sounds */ = {
			isa = PBXGroup;
			children = (
				B067F6EE2654F2F700564DE9 /* food.wav */,
				B067F6ED2654F2F700564DE9 /* superfood.wav */,
			);
			path = Sounds;
			sourceTree = "<group>";
		};
		B07F8333264EA22A0023F5F0 /* GameCenter */ = {
			isa = PBXGroup;
			children = (
				B03837232657BAD60006CDD5 /* GameCenterHelper.swift */,
			);
			path = GameCenter;
			sourceTree = "<group>";
		};
		B07F8334264EA3480023F5F0 /* Frameworks */ = {
			isa = PBXGroup;
			children = (
				B07F8335264EA3480023F5F0 /* GameKit.framework */,
				29E94EB61A1A090CF811AE76 /* Pods_Snake.framework */,
			);
			name = Frameworks;
			sourceTree = "<group>";
		};
		B095D2552576576600135F2C /* Controllers */ = {
			isa = PBXGroup;
			children = (
				B00538D12575627B00D328F1 /* GameViewController.swift */,
				B00538D32575627B00D328F1 /* Game.storyboard */,
				B0A6106325D252A50056D78A /* Menu.storyboard */,
				B0A6106625D256AE0056D78A /* MenuViewController.swift */,
				B02C63A4264944A500EC17C0 /* PauseMenu.storyboard */,
				B02C63A62649465F00EC17C0 /* PauseMenuViewController.swift */,
			);
			path = Controllers;
			sourceTree = "<group>";
		};
		B0AAFFEE2576AB90003220D8 /* Extensions */ = {
			isa = PBXGroup;
			children = (
				B0AAFFEF2576ABB4003220D8 /* SKScene.swift */,
				B0EE18BF265C0E1C009B6C88 /* UIView.swift */,
			);
			path = Extensions;
			sourceTree = "<group>";
		};
		B0AAFFF92576C071003220D8 /* Sprites */ = {
			isa = PBXGroup;
			children = (
				B05BAE72257F7BDD00DFAEDF /* Food */,
				B0FA1B6A2577CE9F00310920 /* Snake */,
				B0AAFFE32576A3BA003220D8 /* WallFrame.swift */,
			);
			path = Sprites;
			sourceTree = "<group>";
		};
		B0DF37D925769EED00A3E453 /* Helper */ = {
			isa = PBXGroup;
			children = (
				B07F8333264EA22A0023F5F0 /* GameCenter */,
				B04AECFF25D7D690007ECCA3 /* Design */,
				B0AAFFEE2576AB90003220D8 /* Extensions */,
				B0DF37E22576A14A00A3E453 /* Game */,
				B0DF37DD25769FA000A3E453 /* Nodes */,
			);
			path = Helper;
			sourceTree = "<group>";
		};
		B0DF37DD25769FA000A3E453 /* Nodes */ = {
			isa = PBXGroup;
			children = (
				B006A68D257B7F6B00DEBDB6 /* Buttons */,
				B0295E9D2577861B0022480F /* Main */,
				B0AAFFF92576C071003220D8 /* Sprites */,
			);
			path = Nodes;
			sourceTree = "<group>";
		};
		B0DF37E22576A14A00A3E453 /* Game */ = {
			isa = PBXGroup;
			children = (
				B0FA1B662577C89800310920 /* GameEngine.swift */,
				B0DF37DA25769EF900A3E453 /* Constants.swift */,
				B0DF37E32576A15800A3E453 /* Box.swift */,
				B0B5AF2F258A736B00399C71 /* GameProcess.swift */,
				B0A6106B25D25A4B0056D78A /* SpriteModel.swift */,
				B04AECF625D7CC8C007ECCA3 /* Options.swift */,
				B04AECF925D7CCC8007ECCA3 /* GameMode.swift */,
				B067F6E82654F03500564DE9 /* SoundHelper.swift */,
				B067F6EA2654F21400564DE9 /* SoundHelper.Sound.swift */,
				B0383725265909260006CDD5 /* LocalStorage.swift */,
			);
			path = Game;
			sourceTree = "<group>";
		};
		B0EE18BE265C0CCD009B6C88 /* Buttons */ = {
			isa = PBXGroup;
			children = (
				B04AECDF25D7BA4C007ECCA3 /* GameModeButton.xib */,
				B04AECE225D7BCE0007ECCA3 /* GameModeButton.swift */,
				B04AECE625D7BF53007ECCA3 /* GameModeStackView.swift */,
				B005D1CA2645A47600DB4A58 /* MenuButton.swift */,
			);
			path = Buttons;
			sourceTree = "<group>";
		};
		B0FA1B6A2577CE9F00310920 /* Snake */ = {
			isa = PBXGroup;
			children = (
				B0AAFFE62576A4A6003220D8 /* Snake.swift */,
				B0FA1B6B2577CEAC00310920 /* Snake.MovingDirection.swift */,
			);
			path = Snake;
			sourceTree = "<group>";
		};
		E3D13A343DCE725AD2CF4AB3 /* Pods */ = {
			isa = PBXGroup;
			children = (
				0BC55E1B6F9D8E9ED5530C36 /* Pods-Snake.debug.xcconfig */,
				1B8CC4D5C0760ABB728CC4DA /* Pods-Snake.release.xcconfig */,
			);
			path = Pods;
			sourceTree = "<group>";
		};
/* End PBXGroup section */

/* Begin PBXNativeTarget section */
		B00538C52575627B00D328F1 /* Snake */ = {
			isa = PBXNativeTarget;
			buildConfigurationList = B00538DB2575627C00D328F1 /* Build configuration list for PBXNativeTarget "Snake" */;
			buildPhases = (
				CF8593DEAFC6D905EEC6BF03 /* [CP] Check Pods Manifest.lock */,
				B00538C22575627B00D328F1 /* Sources */,
				B00538C32575627B00D328F1 /* Frameworks */,
				B00538C42575627B00D328F1 /* Resources */,
				19E8CEE1A269CFCD1F919A60 /* [CP] Embed Pods Frameworks */,
			);
			buildRules = (
			);
			dependencies = (
			);
			name = Snake;
			productName = Snake;
			productReference = B00538C62575627B00D328F1 /* Snake.app */;
			productType = "com.apple.product-type.application";
		};
/* End PBXNativeTarget section */

/* Begin PBXProject section */
		B00538BE2575627B00D328F1 /* Project object */ = {
			isa = PBXProject;
			attributes = {
				BuildIndependentTargetsInParallel = YES;
				LastSwiftUpdateCheck = 1220;
				LastUpgradeCheck = 1220;
				TargetAttributes = {
					B00538C52575627B00D328F1 = {
						CreatedOnToolsVersion = 12.2;
					};
				};
			};
			buildConfigurationList = B00538C12575627B00D328F1 /* Build configuration list for PBXProject "Snake" */;
			compatibilityVersion = "Xcode 9.3";
			developmentRegion = en;
			hasScannedForEncodings = 0;
			knownRegions = (
				en,
				Base,
			);
			mainGroup = B00538BD2575627B00D328F1;
			productRefGroup = B00538C72575627B00D328F1 /* Products */;
			projectDirPath = "";
			projectRoot = "";
			targets = (
				B00538C52575627B00D328F1 /* Snake */,
			);
		};
/* End PBXProject section */

/* Begin PBXResourcesBuildPhase section */
		B00538C42575627B00D328F1 /* Resources */ = {
			isa = PBXResourcesBuildPhase;
			buildActionMask = 2147483647;
			files = (
				B067F6F02654F2F700564DE9 /* food.wav in Resources */,
				B00538D52575627B00D328F1 /* Game.storyboard in Resources */,
				B005D1C92645A25600DB4A58 /* kroftsmann5.ttf in Resources */,
				B095D25225764B3900135F2C /* LaunchScreen.storyboard in Resources */,
				B00538F3257579ED00D328F1 /* Assets.xcassets in Resources */,
				B0EE18C2265C0E40009B6C88 /* SAlert.xib in Resources */,
				B0A6106425D252A50056D78A /* Menu.storyboard in Resources */,
				B00538FC25757B4600D328F1 /* GameScene.sks in Resources */,
				B04AECE025D7BA4C007ECCA3 /* GameModeButton.xib in Resources */,
				B02C63A5264944A500EC17C0 /* PauseMenu.storyboard in Resources */,
				B067F6EF2654F2F700564DE9 /* superfood.wav in Resources */,
			);
			runOnlyForDeploymentPostprocessing = 0;
		};
/* End PBXResourcesBuildPhase section */

/* Begin PBXShellScriptBuildPhase section */
		19E8CEE1A269CFCD1F919A60 /* [CP] Embed Pods Frameworks */ = {
			isa = PBXShellScriptBuildPhase;
			buildActionMask = 2147483647;
			files = (
			);
			inputFileListPaths = (
				"${PODS_ROOT}/Target Support Files/Pods-Snake/Pods-Snake-frameworks-${CONFIGURATION}-input-files.xcfilelist",
			);
			name = "[CP] Embed Pods Frameworks";
			outputFileListPaths = (
				"${PODS_ROOT}/Target Support Files/Pods-Snake/Pods-Snake-frameworks-${CONFIGURATION}-output-files.xcfilelist",
			);
			runOnlyForDeploymentPostprocessing = 0;
			shellPath = /bin/sh;
			shellScript = "\"${PODS_ROOT}/Target Support Files/Pods-Snake/Pods-Snake-frameworks.sh\"\n";
			showEnvVarsInLog = 0;
		};
		CF8593DEAFC6D905EEC6BF03 /* [CP] Check Pods Manifest.lock */ = {
			isa = PBXShellScriptBuildPhase;
			buildActionMask = 2147483647;
			files = (
			);
			inputFileListPaths = (
			);
			inputPaths = (
				"${PODS_PODFILE_DIR_PATH}/Podfile.lock",
				"${PODS_ROOT}/Manifest.lock",
			);
			name = "[CP] Check Pods Manifest.lock";
			outputFileListPaths = (
			);
			outputPaths = (
				"$(DERIVED_FILE_DIR)/Pods-Snake-checkManifestLockResult.txt",
			);
			runOnlyForDeploymentPostprocessing = 0;
			shellPath = /bin/sh;
			shellScript = "diff \"${PODS_PODFILE_DIR_PATH}/Podfile.lock\" \"${PODS_ROOT}/Manifest.lock\" > /dev/null\nif [ $? != 0 ] ; then\n    # print error to STDERR\n    echo \"error: The sandbox is not in sync with the Podfile.lock. Run 'pod install' or update your CocoaPods installation.\" >&2\n    exit 1\nfi\n# This output is used by Xcode 'outputs' to avoid re-running this script phase.\necho \"SUCCESS\" > \"${SCRIPT_OUTPUT_FILE_0}\"\n";
			showEnvVarsInLog = 0;
		};
/* End PBXShellScriptBuildPhase section */

/* Begin PBXSourcesBuildPhase section */
		B00538C22575627B00D328F1 /* Sources */ = {
			isa = PBXSourcesBuildPhase;
			buildActionMask = 2147483647;
			files = (
				B00538D02575627B00D328F1 /* GameScene.swift in Sources */,
				B04AED0125D7D69D007ECCA3 /* Design.swift in Sources */,
				B0FA1B672577C89800310920 /* GameEngine.swift in Sources */,
				B04AECF725D7CC8C007ECCA3 /* Options.swift in Sources */,
				B02C63A72649465F00EC17C0 /* PauseMenuViewController.swift in Sources */,
				B0A6106C25D25A4B0056D78A /* SpriteModel.swift in Sources */,
				B00538D22575627B00D328F1 /* GameViewController.swift in Sources */,
				B04AECDD25D7B9D9007ECCA3 /* SView.swift in Sources */,
				B0AAFFE72576A4A6003220D8 /* Snake.swift in Sources */,
				B006A68F257B7F7A00DEBDB6 /* PauseButton.swift in Sources */,
				B0AAFFEC2576AA21003220D8 /* Food.swift in Sources */,
				B06E1746257A539C00C0EB5E /* LabelNode.swift in Sources */,
				B03837242657BAD60006CDD5 /* GameCenterHelper.swift in Sources */,
				B0EE18C0265C0E1C009B6C88 /* UIView.swift in Sources */,
				B05BAE74257F7BEA00DFAEDF /* SuperFood.swift in Sources */,
				B0EE18BB265C0CB6009B6C88 /* SAlert.swift in Sources */,
				B067F6EB2654F21400564DE9 /* SoundHelper.Sound.swift in Sources */,
				B04AECE325D7BCE0007ECCA3 /* GameModeButton.swift in Sources */,
				B0AAFFF72576BD96003220D8 /* SpriteNode.swift in Sources */,
				B0383726265909260006CDD5 /* LocalStorage.swift in Sources */,
				B0AAFFF42576B9B4003220D8 /* MapNode.swift in Sources */,
				B057841926566AA8003E933B /* SoundButton.swift in Sources */,
				B04AECFA25D7CCC8007ECCA3 /* GameMode.swift in Sources */,
				B0A6106725D256AE0056D78A /* MenuViewController.swift in Sources */,
				B0AAFFF02576ABB4003220D8 /* SKScene.swift in Sources */,
				B04AECE725D7BF53007ECCA3 /* GameModeStackView.swift in Sources */,
				B005D1CB2645A47600DB4A58 /* MenuButton.swift in Sources */,
				B067F6E92654F03500564DE9 /* SoundHelper.swift in Sources */,
				B00538CA2575627B00D328F1 /* AppDelegate.swift in Sources */,
				B0B5AF30258A736B00399C71 /* GameProcess.swift in Sources */,
				B0DF37E42576A15800A3E453 /* Box.swift in Sources */,
				B0B5AF33258A8AA900399C71 /* ProgressNode.swift in Sources */,
				B0DF37DF25769FB300A3E453 /* GameNode.swift in Sources */,
				B0DF37DB25769EF900A3E453 /* Constants.swift in Sources */,
				B06E1756257A707000C0EB5E /* ButtonNode.swift in Sources */,
				B04AED0525D7D776007ECCA3 /* SLabel.swift in Sources */,
				B0AAFFE42576A3BA003220D8 /* WallFrame.swift in Sources */,
				B0FA1B6C2577CEAC00310920 /* Snake.MovingDirection.swift in Sources */,
				B057841B26566D9D003E933B /* ButtonNode.Name.swift in Sources */,
			);
			runOnlyForDeploymentPostprocessing = 0;
		};
/* End PBXSourcesBuildPhase section */

/* Begin PBXVariantGroup section */
		B00538D32575627B00D328F1 /* Game.storyboard */ = {
			isa = PBXVariantGroup;
			children = (
				B00538D42575627B00D328F1 /* Base */,
			);
			name = Game.storyboard;
			sourceTree = "<group>";
		};
/* End PBXVariantGroup section */

/* Begin XCBuildConfiguration section */
		B00538D92575627C00D328F1 /* Debug */ = {
			isa = XCBuildConfiguration;
			buildSettings = {
				ALWAYS_SEARCH_USER_PATHS = NO;
				CLANG_ANALYZER_NONNULL = YES;
				CLANG_ANALYZER_NUMBER_OBJECT_CONVERSION = YES_AGGRESSIVE;
				CLANG_CXX_LANGUAGE_STANDARD = "gnu++14";
				CLANG_CXX_LIBRARY = "libc++";
				CLANG_ENABLE_MODULES = YES;
				CLANG_ENABLE_OBJC_ARC = YES;
				CLANG_ENABLE_OBJC_WEAK = YES;
				CLANG_WARN_BLOCK_CAPTURE_AUTORELEASING = YES;
				CLANG_WARN_BOOL_CONVERSION = YES;
				CLANG_WARN_COMMA = YES;
				CLANG_WARN_CONSTANT_CONVERSION = YES;
				CLANG_WARN_DEPRECATED_OBJC_IMPLEMENTATIONS = YES;
				CLANG_WARN_DIRECT_OBJC_ISA_USAGE = YES_ERROR;
				CLANG_WARN_DOCUMENTATION_COMMENTS = YES;
				CLANG_WARN_EMPTY_BODY = YES;
				CLANG_WARN_ENUM_CONVERSION = YES;
				CLANG_WARN_INFINITE_RECURSION = YES;
				CLANG_WARN_INT_CONVERSION = YES;
				CLANG_WARN_NON_LITERAL_NULL_CONVERSION = YES;
				CLANG_WARN_OBJC_IMPLICIT_RETAIN_SELF = YES;
				CLANG_WARN_OBJC_LITERAL_CONVERSION = YES;
				CLANG_WARN_OBJC_ROOT_CLASS = YES_ERROR;
				CLANG_WARN_QUOTED_INCLUDE_IN_FRAMEWORK_HEADER = YES;
				CLANG_WARN_RANGE_LOOP_ANALYSIS = YES;
				CLANG_WARN_STRICT_PROTOTYPES = YES;
				CLANG_WARN_SUSPICIOUS_MOVE = YES;
				CLANG_WARN_UNGUARDED_AVAILABILITY = YES_AGGRESSIVE;
				CLANG_WARN_UNREACHABLE_CODE = YES;
				CLANG_WARN__DUPLICATE_METHOD_MATCH = YES;
				COPY_PHASE_STRIP = NO;
				DEBUG_INFORMATION_FORMAT = dwarf;
				ENABLE_STRICT_OBJC_MSGSEND = YES;
				ENABLE_TESTABILITY = YES;
				GCC_C_LANGUAGE_STANDARD = gnu11;
				GCC_DYNAMIC_NO_PIC = NO;
				GCC_NO_COMMON_BLOCKS = YES;
				GCC_OPTIMIZATION_LEVEL = 0;
				GCC_PREPROCESSOR_DEFINITIONS = (
					"DEBUG=1",
					"$(inherited)",
				);
				GCC_WARN_64_TO_32_BIT_CONVERSION = YES;
				GCC_WARN_ABOUT_RETURN_TYPE = YES_ERROR;
				GCC_WARN_UNDECLARED_SELECTOR = YES;
				GCC_WARN_UNINITIALIZED_AUTOS = YES_AGGRESSIVE;
				GCC_WARN_UNUSED_FUNCTION = YES;
				GCC_WARN_UNUSED_VARIABLE = YES;
				IPHONEOS_DEPLOYMENT_TARGET = 12.0;
				MTL_ENABLE_DEBUG_INFO = INCLUDE_SOURCE;
				MTL_FAST_MATH = YES;
				ONLY_ACTIVE_ARCH = YES;
				SDKROOT = iphoneos;
				SWIFT_ACTIVE_COMPILATION_CONDITIONS = DEBUG;
				SWIFT_OPTIMIZATION_LEVEL = "-Onone";
			};
			name = Debug;
		};
		B00538DA2575627C00D328F1 /* Release */ = {
			isa = XCBuildConfiguration;
			buildSettings = {
				ALWAYS_SEARCH_USER_PATHS = NO;
				CLANG_ANALYZER_NONNULL = YES;
				CLANG_ANALYZER_NUMBER_OBJECT_CONVERSION = YES_AGGRESSIVE;
				CLANG_CXX_LANGUAGE_STANDARD = "gnu++14";
				CLANG_CXX_LIBRARY = "libc++";
				CLANG_ENABLE_MODULES = YES;
				CLANG_ENABLE_OBJC_ARC = YES;
				CLANG_ENABLE_OBJC_WEAK = YES;
				CLANG_WARN_BLOCK_CAPTURE_AUTORELEASING = YES;
				CLANG_WARN_BOOL_CONVERSION = YES;
				CLANG_WARN_COMMA = YES;
				CLANG_WARN_CONSTANT_CONVERSION = YES;
				CLANG_WARN_DEPRECATED_OBJC_IMPLEMENTATIONS = YES;
				CLANG_WARN_DIRECT_OBJC_ISA_USAGE = YES_ERROR;
				CLANG_WARN_DOCUMENTATION_COMMENTS = YES;
				CLANG_WARN_EMPTY_BODY = YES;
				CLANG_WARN_ENUM_CONVERSION = YES;
				CLANG_WARN_INFINITE_RECURSION = YES;
				CLANG_WARN_INT_CONVERSION = YES;
				CLANG_WARN_NON_LITERAL_NULL_CONVERSION = YES;
				CLANG_WARN_OBJC_IMPLICIT_RETAIN_SELF = YES;
				CLANG_WARN_OBJC_LITERAL_CONVERSION = YES;
				CLANG_WARN_OBJC_ROOT_CLASS = YES_ERROR;
				CLANG_WARN_QUOTED_INCLUDE_IN_FRAMEWORK_HEADER = YES;
				CLANG_WARN_RANGE_LOOP_ANALYSIS = YES;
				CLANG_WARN_STRICT_PROTOTYPES = YES;
				CLANG_WARN_SUSPICIOUS_MOVE = YES;
				CLANG_WARN_UNGUARDED_AVAILABILITY = YES_AGGRESSIVE;
				CLANG_WARN_UNREACHABLE_CODE = YES;
				CLANG_WARN__DUPLICATE_METHOD_MATCH = YES;
				COPY_PHASE_STRIP = NO;
				DEBUG_INFORMATION_FORMAT = "dwarf-with-dsym";
				ENABLE_NS_ASSERTIONS = NO;
				ENABLE_STRICT_OBJC_MSGSEND = YES;
				GCC_C_LANGUAGE_STANDARD = gnu11;
				GCC_NO_COMMON_BLOCKS = YES;
				GCC_WARN_64_TO_32_BIT_CONVERSION = YES;
				GCC_WARN_ABOUT_RETURN_TYPE = YES_ERROR;
				GCC_WARN_UNDECLARED_SELECTOR = YES;
				GCC_WARN_UNINITIALIZED_AUTOS = YES_AGGRESSIVE;
				GCC_WARN_UNUSED_FUNCTION = YES;
				GCC_WARN_UNUSED_VARIABLE = YES;
				IPHONEOS_DEPLOYMENT_TARGET = 12.0;
				MTL_ENABLE_DEBUG_INFO = NO;
				MTL_FAST_MATH = YES;
				SDKROOT = iphoneos;
				SWIFT_COMPILATION_MODE = wholemodule;
				SWIFT_OPTIMIZATION_LEVEL = "-O";
				VALIDATE_PRODUCT = YES;
			};
			name = Release;
		};
		B00538DC2575627C00D328F1 /* Debug */ = {
			isa = XCBuildConfiguration;
			baseConfigurationReference = 0BC55E1B6F9D8E9ED5530C36 /* Pods-Snake.debug.xcconfig */;
			buildSettings = {
				ASSETCATALOG_COMPILER_APPICON_NAME = AppIcon;
				ASSETCATALOG_COMPILER_GLOBAL_ACCENT_COLOR_NAME = AccentColor;
				CODE_SIGN_ENTITLEMENTS = Snake/Snake.entitlements;
				CODE_SIGN_IDENTITY = "Apple Development";
				CODE_SIGN_STYLE = Automatic;
				CURRENT_PROJECT_VERSION = 2;
				DEVELOPMENT_TEAM = CX6AZ34SLQ;
				INFOPLIST_FILE = Snake/Application/Info.plist;
				LD_RUNPATH_SEARCH_PATHS = (
					"$(inherited)",
					"@executable_path/Frameworks",
				);
				PRODUCT_BUNDLE_IDENTIFIER = com.maximskorynin.Snake;
				PRODUCT_NAME = "$(TARGET_NAME)";
				PROVISIONING_PROFILE_SPECIFIER = "";
				SUPPORTS_MACCATALYST = NO;
				SWIFT_VERSION = 5.0;
				TARGETED_DEVICE_FAMILY = 1;
			};
			name = Debug;
		};
		B00538DD2575627C00D328F1 /* Release */ = {
			isa = XCBuildConfiguration;
			baseConfigurationReference = 1B8CC4D5C0760ABB728CC4DA /* Pods-Snake.release.xcconfig */;
			buildSettings = {
				ASSETCATALOG_COMPILER_APPICON_NAME = AppIcon;
				ASSETCATALOG_COMPILER_GLOBAL_ACCENT_COLOR_NAME = AccentColor;
				CODE_SIGN_ENTITLEMENTS = Snake/Snake.entitlements;
				CODE_SIGN_IDENTITY = "Apple Development";
				CODE_SIGN_STYLE = Automatic;
				CURRENT_PROJECT_VERSION = 2;
				DEVELOPMENT_TEAM = CX6AZ34SLQ;
				INFOPLIST_FILE = Snake/Application/Info.plist;
				LD_RUNPATH_SEARCH_PATHS = (
					"$(inherited)",
					"@executable_path/Frameworks",
				);
				PRODUCT_BUNDLE_IDENTIFIER = com.maximskorynin.Snake;
				PRODUCT_NAME = "$(TARGET_NAME)";
				PROVISIONING_PROFILE_SPECIFIER = "";
				SUPPORTS_MACCATALYST = NO;
				SWIFT_VERSION = 5.0;
				TARGETED_DEVICE_FAMILY = 1;
			};
			name = Release;
		};
/* End XCBuildConfiguration section */

/* Begin XCConfigurationList section */
		B00538C12575627B00D328F1 /* Build configuration list for PBXProject "Snake" */ = {
			isa = XCConfigurationList;
			buildConfigurations = (
				B00538D92575627C00D328F1 /* Debug */,
				B00538DA2575627C00D328F1 /* Release */,
			);
			defaultConfigurationIsVisible = 0;
			defaultConfigurationName = Release;
		};
		B00538DB2575627C00D328F1 /* Build configuration list for PBXNativeTarget "Snake" */ = {
			isa = XCConfigurationList;
			buildConfigurations = (
				B00538DC2575627C00D328F1 /* Debug */,
				B00538DD2575627C00D328F1 /* Release */,
			);
			defaultConfigurationIsVisible = 0;
			defaultConfigurationName = Release;
		};
/* End XCConfigurationList section */
	};
	rootObject = B00538BE2575627B00D328F1 /* Project object */;
}
